
Microsoft Visual Studio Solution File, Format Version 12.00
# Visual Studio 14
VisualStudioVersion = 14.0.23107.0
MinimumVisualStudioVersion = 10.0.40219.1
Project("{FAE04EC0-301F-11D3-BF4B-00C04F79EFBC}") = "YoutubeRPG", "YoutubeRPG\YoutubeRPG\YoutubeRPG.csproj", "{68D1A126-1785-4E24-A017-392DC9B82964}"
EndProject
Project("{96E2B04D-8817-42C6-938A-82C39BA4D311}") = "YoutubeRPGContent", "YoutubeRPG\YoutubeRPGContent\YoutubeRPGContent.contentproj", "{3EAB8A4B-D0E5-4A1F-80EB-70E2F7B917EF}"
EndProject
Project("{2150E333-8FDC-42A3-9474-1A3956D46DE8}") = "Solution Items", "Solution Items", "{E89FD074-BD50-4A38-B5E5-EE27335A404A}"
	ProjectSection(SolutionItems) = preProject
		..\..\..\..\Desktop\poop.tga = ..\..\..\..\Desktop\poop.tga
	EndProjectSection
EndProject
Global
	GlobalSection(SolutionConfigurationPlatforms) = preSolution
		Debug|x86 = Debug|x86
		Release|x86 = Release|x86
	EndGlobalSection
	GlobalSection(ProjectConfigurationPlatforms) = postSolution
		{68D1A126-1785-4E24-A017-392DC9B82964}.Debug|x86.ActiveCfg = Debug|x86
		{68D1A126-1785-4E24-A017-392DC9B82964}.Debug|x86.Build.0 = Debug|x86
		{68D1A126-1785-4E24-A017-392DC9B82964}.Release|x86.ActiveCfg = Release|x86
		{68D1A126-1785-4E24-A017-392DC9B82964}.Release|x86.Build.0 = Release|x86
		{3EAB8A4B-D0E5-4A1F-80EB-70E2F7B917EF}.Debug|x86.ActiveCfg = Debug|x86
		{3EAB8A4B-D0E5-4A1F-80EB-70E2F7B917EF}.Release|x86.ActiveCfg = Release|x86
	EndGlobalSection
	GlobalSection(SolutionProperties) = preSolution
		HideSolutionNode = FALSE
	EndGlobalSection
EndGlobal
